
Microsoft Visual Studio Solution File, Format Version 12.00
# Visual Studio Version 16
VisualStudioVersion = 16.0.29409.12
MinimumVisualStudioVersion = 10.0.40219.1
Project("{FAE04EC0-301F-11D3-BF4B-00C04F79EFBC}") = "ShinBrow", "ShinBrow.csproj", "{4DDFB7DE-02A0-489C-8E04-C7EB4B57B3F9}"
EndProject
Global
	GlobalSection(SolutionConfigurationPlatforms) = preSolution
		Debug|Any CPU = Debug|Any CPU
		Release|Any CPU = Release|Any CPU
	EndGlobalSection
	GlobalSection(ProjectConfigurationPlatforms) = postSolution
		{4DDFB7DE-02A0-489C-8E04-C7EB4B57B3F9}.Debug|Any CPU.ActiveCfg = Debug|Any CPU
		{4DDFB7DE-02A0-489C-8E04-C7EB4B57B3F9}.Debug|Any CPU.Build.0 = Debug|Any CPU
		{4DDFB7DE-02A0-489C-8E04-C7EB4B57B3F9}.Release|Any CPU.ActiveCfg = Release|Any CPU
		{4DDFB7DE-02A0-489C-8E04-C7EB4B57B3F9}.Release|Any CPU.Build.0 = Release|Any CPU
	EndGlobalSection
	GlobalSection(SolutionProperties) = preSolution
		HideSolutionNode = FALSE
	EndGlobalSection
	GlobalSection(ExtensibilityGlobals) = postSolution
		SolutionGuid = {1B8E405D-8448-4FB9-8CC2-F16C87F27E05}
	EndGlobalSection
EndGlobal
